
Microsoft Visual Studio Solution File, Format Version 12.00
# Visual Studio Version 16
VisualStudioVersion = 16.0.31410.357
MinimumVisualStudioVersion = 10.0.40219.1
Project("{FAE04EC0-301F-11D3-BF4B-00C04F79EFBC}") = "WikiOnThisDay", "WikiOnThisDay\WikiOnThisDay.csproj", "{A0D1DF41-50E2-42D3-A7CC-13648F46636B}"
EndProject
Global
	GlobalSection(SolutionConfigurationPlatforms) = preSolution
		Debug|Any CPU = Debug|Any CPU
		Release|Any CPU = Release|Any CPU
	EndGlobalSection
	GlobalSection(ProjectConfigurationPlatforms) = postSolution
		{A0D1DF41-50E2-42D3-A7CC-13648F46636B}.Debug|Any CPU.ActiveCfg = Debug|Any CPU
		{A0D1DF41-50E2-42D3-A7CC-13648F46636B}.Debug|Any CPU.Build.0 = Debug|Any CPU
		{A0D1DF41-50E2-42D3-A7CC-13648F46636B}.Release|Any CPU.ActiveCfg = Release|Any CPU
		{A0D1DF41-50E2-42D3-A7CC-13648F46636B}.Release|Any CPU.Build.0 = Release|Any CPU
	EndGlobalSection
	GlobalSection(SolutionProperties) = preSolution
		HideSolutionNode = FALSE
	EndGlobalSection
	GlobalSection(ExtensibilityGlobals) = postSolution
		SolutionGuid = {1127D99A-11B5-40DA-9439-44D1BE758AA6}
	EndGlobalSection
EndGlobal
